
Microsoft Visual Studio Solution File, Format Version 12.00
# Visual Studio Version 16
VisualStudioVersion = 16.0.28803.352
MinimumVisualStudioVersion = 10.0.40219.1
Project("{FAE04EC0-301F-11D3-BF4B-00C04F79EFBC}") = "RazorRunTracker", "RazorRunTracker\RazorRunTracker.csproj", "{D34CBA9B-B538-4521-B637-E112356032D8}"
EndProject
Global
	GlobalSection(SolutionConfigurationPlatforms) = preSolution
		Debug|Any CPU = Debug|Any CPU
		Release|Any CPU = Release|Any CPU
	EndGlobalSection
	GlobalSection(ProjectConfigurationPlatforms) = postSolution
		{D34CBA9B-B538-4521-B637-E112356032D8}.Debug|Any CPU.ActiveCfg = Debug|Any CPU
		{D34CBA9B-B538-4521-B637-E112356032D8}.Debug|Any CPU.Build.0 = Debug|Any CPU
		{D34CBA9B-B538-4521-B637-E112356032D8}.Release|Any CPU.ActiveCfg = Release|Any CPU
		{D34CBA9B-B538-4521-B637-E112356032D8}.Release|Any CPU.Build.0 = Release|Any CPU
	EndGlobalSection
	GlobalSection(SolutionProperties) = preSolution
		HideSolutionNode = FALSE
	EndGlobalSection
	GlobalSection(ExtensibilityGlobals) = postSolution
		SolutionGuid = {8FE37AC5-FA96-49E4-A2B3-CD7F4DD9A057}
	EndGlobalSection
EndGlobal
